
Microsoft Visual Studio Solution File, Format Version 12.00
# Visual Studio Version 17
VisualStudioVersion = 17.9.34728.123
MinimumVisualStudioVersion = 10.0.40219.1
Project("{FAE04EC0-301F-11D3-BF4B-00C04F79EFBC}") = "CodexECommerce", "CodexECommerce\CodexECommerce.csproj", "{FA55E885-4729-4D83-87C3-8165C60418EE}"
EndProject
Global
	GlobalSection(SolutionConfigurationPlatforms) = preSolution
		Debug|Any CPU = Debug|Any CPU
		Release|Any CPU = Release|Any CPU
	EndGlobalSection
	GlobalSection(ProjectConfigurationPlatforms) = postSolution
		{FA55E885-4729-4D83-87C3-8165C60418EE}.Debug|Any CPU.ActiveCfg = Debug|Any CPU
		{FA55E885-4729-4D83-87C3-8165C60418EE}.Debug|Any CPU.Build.0 = Debug|Any CPU
		{FA55E885-4729-4D83-87C3-8165C60418EE}.Release|Any CPU.ActiveCfg = Release|Any CPU
		{FA55E885-4729-4D83-87C3-8165C60418EE}.Release|Any CPU.Build.0 = Release|Any CPU
	EndGlobalSection
	GlobalSection(SolutionProperties) = preSolution
		HideSolutionNode = FALSE
	EndGlobalSection
	GlobalSection(ExtensibilityGlobals) = postSolution
		SolutionGuid = {2835948B-A5F3-44E3-98FB-69E32BF37E46}
	EndGlobalSection
EndGlobal
